{
  "requires": true,
  "lockfileVersion": 1,
  "dependencies": {
    "@sweetalert2/themes": {
      "version": "3.1.4",
      "resolved": "https://registry.npmjs.org/@sweetalert2/themes/-/themes-3.1.4.tgz",
      "integrity": "sha512-fPdouRkLzeW/EeHRDQEX7SV1FkRPivZTYgUISwtIdNbkrwPSOgd9On+IZxHGNiZAGbKNYfSwf9l8ZlQAajaGIw=="
    }
  }
}
